{
  "name": "engage-ads-sdk-shared",
  "version": "2.0.0-alpha.1",
  "lockfileVersion": 3,
  "requires": true,
  "packages": {
    "": {
      "name": "engage-ads-sdk-shared",
      "version": "2.0.0-alpha.1",
      "devDependencies": {
        "@iabtechlab-omsdk/open-measurement": "1.6.10"
      }
    },
    "node_modules/@iabtechlab-omsdk/open-measurement": {
      "version": "1.6.10",
      "resolved": "https://registry.npmjs.org/@iabtechlab-omsdk/open-measurement/-/open-measurement-1.6.10.tgz",
      "integrity": "sha512-+BzpRwQ46WCASeXrMOI3uTSomoRKhcYizTA7B2xLIBWIWMcRFElkiM4pt6M5gh/pA+TrtVj79BsyBcuvljo4XQ==",
      "dev": true,
      "license": "ISC"
    }
  }
}
